{
  "lockfileVersion": 1,
  "workspaces": {
    "": {
      "name": "vite-template-ripple",
      "dependencies": {
        "ripple": "^0.2.121",
        "ripple-router": "^0.4.10",
      },
      "devDependencies": {
        "prettier": "^3.6.2",
        "prettier-plugin-ripple": "^0.2.121",
        "typescript": "^5.9.3",
        "vite": "^7.1.9",
        "vite-plugin-ripple": "^0.2.121",
      },
    },
  },
  "packages": {
    "@esbuild/win32-x64": ["@esbuild/win32-x64@0.25.9", "", { "os": "win32", "cpu": "x64" }, "sha512-PPOl1mi6lpLNQxnGoyAfschAodRFYXJ+9fs6WHXz7CSWKbOqiMZsubC+BQsVKuul+3vKLuwTHsS2c2y9EoKwxQ=="],

    "@jridgewell/sourcemap-codec": ["@jridgewell/sourcemap-codec@1.5.5", "", {}, "sha512-cYQ9310grqxueWbl+WuIUIaiUaDcj7WOq5fVhEljNVgRfOUhY9fy2zTvfoqWsnebh8Sl70VScFbICvJnLKB0Og=="],

    "@rollup/rollup-win32-x64-msvc": ["@rollup/rollup-win32-x64-msvc@4.50.0", "", { "os": "win32", "cpu": "x64" }, "sha512-xMmiWRR8sp72Zqwjgtf3QbZfF1wdh8X2ABu3EaozvZcyHJeU0r+XAnXdKgs4cCAp6ORoYoCygipYP1mjmbjrsg=="],

    "@sveltejs/acorn-typescript": ["@sveltejs/acorn-typescript@1.0.6", "", { "peerDependencies": { "acorn": "^8.9.0" } }, "sha512-4awhxtMh4cx9blePWl10HRHj8Iivtqj+2QdDCSMDzxG+XKa9+VCNupQuCuvzEhYPzZSrX+0gC+0lHA/0fFKKQQ=="],

    "@types/estree": ["@types/estree@1.0.8", "", {}, "sha512-dWHzHa2WqEXI/O1E9OjrocMTKJl2mSrEolh1Iomrv6U+JuNwaHXsXx9bLu5gG7BUWFIN0skIQJQ/L1rIex4X6w=="],

    "acorn": ["acorn@8.15.0", "", { "bin": "bin/acorn" }, "sha512-NZyJarBfL7nWwIq+FDL6Zp/yHEhePMNnnJ0y3qfieCrmNvYct8uvtiV41UvlSe6apAfk0fY1FbWx+NwfmpvtTg=="],

    "clsx": ["clsx@2.1.1", "", {}, "sha512-eYm0QWBtUrBWZWG0d386OGAw16Z995PiOVo2B7bjWSbHedGl5e0ZWaq65kOGgUSNesEIDkB9ISbTg/JK9dhCZA=="],

    "devalue": ["devalue@5.3.2", "", {}, "sha512-UDsjUbpQn9kvm68slnrs+mfxwFkIflOhkanmyabZ8zOYk8SMEIbJ3TK+88g70hSIeytu4y18f0z/hYHMTrXIWw=="],

    "esbuild": ["esbuild@0.25.9", "", { "optionalDependencies": { "@esbuild/win32-x64": "0.25.9" }, "bin": "bin/esbuild" }, "sha512-CRbODhYyQx3qp7ZEwzxOk4JBqmD/seJrzPa/cGjY1VtIn5E09Oi9/dB4JwctnfZ8Q8iT7rioVv5k/FNT/uf54g=="],

    "esm-env": ["esm-env@1.2.2", "", {}, "sha512-Epxrv+Nr/CaL4ZcFGPJIYLWFom+YeV1DqMLHJoEd9SYRxNbaFruBwfEX/kkHUJf55j2+TUbmDcmuilbP1TmXHA=="],

    "esrap": ["esrap@2.1.0", "", { "dependencies": { "@jridgewell/sourcemap-codec": "^1.4.15" } }, "sha512-yzmPNpl7TBbMRC5Lj2JlJZNPml0tzqoqP5B1JXycNUwtqma9AKCO0M2wHrdgsHcy1WRW7S9rJknAMtByg3usgA=="],

    "fdir": ["fdir@6.5.0", "", { "peerDependencies": { "picomatch": "^3 || ^4" } }, "sha512-tIbYtZbucOs0BRGqPJkshJUYdL+SDH7dVM8gjy+ERp3WAUjLEFJE+02kanyHtwjWOnwrKYBiwAmM0p4kLJAnXg=="],

    "fsevents": ["fsevents@2.3.3", "", { "os": "darwin" }, "sha512-5xoDfX+fL7faATnagmWPpbFtwh/R77WmMMqqHGS65C3vvB0YHrgF+B1YmZ3441tMj5n63k0212XNoJwzlhffQw=="],

    "is-reference": ["is-reference@3.0.3", "", { "dependencies": { "@types/estree": "^1.0.6" } }, "sha512-ixkJoqQvAP88E6wLydLGGqCJsrFUnqoH6HnaczB8XmDH1oaWU+xxdptvikTgaEhtZ53Ky6YXiBuUI2WXLMCwjw=="],

    "magic-string": ["magic-string@0.30.18", "", { "dependencies": { "@jridgewell/sourcemap-codec": "^1.5.5" } }, "sha512-yi8swmWbO17qHhwIBNeeZxTceJMeBvWJaId6dyvTSOwTipqeHhMhOrz6513r1sOKnpvQ7zkhlG8tPrpilwTxHQ=="],

    "muggle-string": ["muggle-string@0.4.1", "", {}, "sha512-VNTrAak/KhO2i8dqqnqnAHOa3cYBwXEZe9h+D5h/1ZqFSTEFHdM65lR7RoIqq3tBBYavsOXV84NoHXZ0AkPyqQ=="],

    "nanoid": ["nanoid@3.3.11", "", { "bin": "bin/nanoid.cjs" }, "sha512-N8SpfPUnUp1bK+PMYW8qSWdl9U+wwNWI4QKxOYDy9JAro3WMX7p2OeVRF9v+347pnakNevPmiHhNmZ2HbFA76w=="],

    "picocolors": ["picocolors@1.1.1", "", {}, "sha512-xceH2snhtb5M9liqDsmEw56le376mTZkEX/jEb/RxNFyegNul7eNslCXP9FDj/Lcu0X8KEyMceP2ntpaHrDEVA=="],

    "picomatch": ["picomatch@4.0.3", "", {}, "sha512-5gTmgEY/sqK6gFXLIsQNH19lWb4ebPDLA4SdLP7dsWkIXHWlG66oPuVvXSGFPppYZz8ZDZq0dYYrbHfBCVUb1Q=="],

    "postcss": ["postcss@8.5.6", "", { "dependencies": { "nanoid": "^3.3.11", "picocolors": "^1.1.1", "source-map-js": "^1.2.1" } }, "sha512-3Ybi1tAuwAP9s0r1UQ2J4n5Y0G05bJkpUIO0/bI9MhwmD70S5aTWbXGBwxHrelT+XM1k6dM0pk+SwNkpTRN7Pg=="],

    "prettier": ["prettier@3.6.2", "", { "bin": "bin/prettier.cjs" }, "sha512-I7AIg5boAr5R0FFtJ6rCfD+LFsWHp81dolrFD8S79U9tb8Az2nGrJncnMSnys+bpQJfRUzqs9hnA81OAA3hCuQ=="],

    "prettier-plugin-ripple": ["prettier-plugin-ripple@0.2.121", "", { "peerDependencies": { "prettier": ">=2.0.0" } }, "sha512-GPRlpmtJsSahLynCpRcavlEkKRiaOBKk7jXgVih5SJZmkxy8OMkrJMpgWcfBHO1h2oD5LTGpG+tzq4fNpJ/gwg=="],

    "ripple": ["ripple@0.2.121", "", { "dependencies": { "@jridgewell/sourcemap-codec": "^1.5.5", "@sveltejs/acorn-typescript": "^1.0.6", "acorn": "^8.15.0", "clsx": "^2.1.1", "devalue": "^5.3.2", "esm-env": "^1.2.2", "esrap": "^2.1.0", "is-reference": "^3.0.3", "magic-string": "^0.30.18", "muggle-string": "^0.4.1", "zimmerframe": "^1.1.2" } }, "sha512-TvEFBnlbY7BseNneLJ+IYCJLA1rgH8utEWA737NUXPAotnYZza/ZHxum+cPlwZeLZaEDwHs4+SGA3qWh3iML/Q=="],

    "ripple-router": ["ripple-router@0.4.10", "", { "peerDependencies": { "ripple": "0.2.103" } }, "sha512-gjibWGlphUF4l0hQu4zxwWfwsqfc1L/Slccg/K/ZOBq6YVhOZtia9eZJGcOYuSuB+Nf+0SQbhWCZ5WZTOP24rg=="],

    "rollup": ["rollup@4.50.0", "", { "dependencies": { "@types/estree": "1.0.8" }, "optionalDependencies": { "@rollup/rollup-win32-x64-msvc": "4.50.0", "fsevents": "~2.3.2" }, "bin": "dist/bin/rollup" }, "sha512-/Zl4D8zPifNmyGzJS+3kVoyXeDeT/GrsJM94sACNg9RtUE0hrHa1bNPtRSrfHTMH5HjRzce6K7rlTh3Khiw+pw=="],

    "source-map-js": ["source-map-js@1.2.1", "", {}, "sha512-UXWMKhLOwVKb728IUtQPXxfYU+usdybtUrK/8uGE8CQMvrhOpwvzDBwj0QhSL7MQc7vIsISBG8VQ8+IDQxpfQA=="],

    "tinyglobby": ["tinyglobby@0.2.15", "", { "dependencies": { "fdir": "^6.5.0", "picomatch": "^4.0.3" } }, "sha512-j2Zq4NyQYG5XMST4cbs02Ak8iJUdxRM0XI5QyxXuZOzKOINmWurp3smXu3y5wDcJrptwpSjgXHzIQxR0omXljQ=="],

    "typescript": ["typescript@5.9.3", "", { "bin": { "tsc": "bin/tsc", "tsserver": "bin/tsserver" } }, "sha512-jl1vZzPDinLr9eUt3J/t7V6FgNEw9QjvBPdysz9KfQDD41fQrC2Y4vKQdiaUpFT4bXlb1RHhLpp8wtm6M5TgSw=="],

    "vite": ["vite@7.1.9", "", { "dependencies": { "esbuild": "^0.25.0", "fdir": "^6.5.0", "picomatch": "^4.0.3", "postcss": "^8.5.6", "rollup": "^4.43.0", "tinyglobby": "^0.2.15" }, "optionalDependencies": { "fsevents": "~2.3.3" }, "peerDependencies": { "@types/node": "^20.19.0 || >=22.12.0", "jiti": ">=1.21.0", "less": "^4.0.0", "lightningcss": "^1.21.0", "sass": "^1.70.0", "sass-embedded": "^1.70.0", "stylus": ">=0.54.8", "sugarss": "^5.0.0", "terser": "^5.16.0", "tsx": "^4.8.1", "yaml": "^2.4.2" }, "optionalPeers": ["@types/node", "jiti", "less", "lightningcss", "sass", "sass-embedded", "stylus", "sugarss", "terser", "tsx", "yaml"], "bin": "bin/vite.js" }, "sha512-4nVGliEpxmhCL8DslSAUdxlB6+SMrhB0a1v5ijlh1xB1nEPuy1mxaHxysVucLHuWryAxLWg6a5ei+U4TLn/rFg=="],

    "vite-plugin-ripple": ["vite-plugin-ripple@0.2.121", "", {}, "sha512-DTDveImb/FKfsfzTT+IuMzxAqBfpW4IW+MruiZUCkmth2Uwc5vWM7qiz+E59xOhv+hf27+3DS07AdzS95iMUMw=="],

    "zimmerframe": ["zimmerframe@1.1.2", "", {}, "sha512-rAbqEGa8ovJy4pyBxZM70hg4pE6gDgaQ0Sl9M3enG3I0d6H4XSAM3GeNGLKnsBpuijUow064sf7ww1nutC5/3w=="],
  }
}
