{
	"name": "vite-template-ripple",
	"version": "0.0.0",
	"lockfileVersion": 3,
	"requires": true,
	"packages": {
		"": {
			"name": "vite-template-ripple",
			"version": "0.0.0",
			"license": "MIT",
			"dependencies": {
				"ripple": "^0.2.86"
			},
			"devDependencies": {
				"prettier": "^3.6.2",
				"prettier-plugin-ripple": "^0.2.86",
				"typescript": "^5.9.2",
				"vite": "^7.1.7",
				"vite-plugin-ripple": "^0.2.86"
			},
			"engines": {
				"node": ">=20.0.0"
			}
		},
		"node_modules/@esbuild/win32-x64": {
			"version": "0.25.9",
			"resolved": "https://registry.npmjs.org/@esbuild/win32-x64/-/win32-x64-0.25.9.tgz",
			"integrity": "sha512-PPOl1mi6lpLNQxnGoyAfschAodRFYXJ+9fs6WHXz7CSWKbOqiMZsubC+BQsVKuul+3vKLuwTHsS2c2y9EoKwxQ==",
			"cpu": [
				"x64"
			],
			"dev": true,
			"license": "MIT",
			"optional": true,
			"os": [
				"win32"
			],
			"engines": {
				"node": ">=18"
			}
		},
		"node_modules/@jridgewell/sourcemap-codec": {
			"version": "1.5.5",
			"resolved": "https://registry.npmjs.org/@jridgewell/sourcemap-codec/-/sourcemap-codec-1.5.5.tgz",
			"integrity": "sha512-cYQ9310grqxueWbl+WuIUIaiUaDcj7WOq5fVhEljNVgRfOUhY9fy2zTvfoqWsnebh8Sl70VScFbICvJnLKB0Og==",
			"license": "MIT"
		},
		"node_modules/@rollup/rollup-win32-x64-msvc": {
			"version": "4.50.0",
			"resolved": "https://registry.npmjs.org/@rollup/rollup-win32-x64-msvc/-/rollup-win32-x64-msvc-4.50.0.tgz",
			"integrity": "sha512-xMmiWRR8sp72Zqwjgtf3QbZfF1wdh8X2ABu3EaozvZcyHJeU0r+XAnXdKgs4cCAp6ORoYoCygipYP1mjmbjrsg==",
			"cpu": [
				"x64"
			],
			"dev": true,
			"license": "MIT",
			"optional": true,
			"os": [
				"win32"
			]
		},
		"node_modules/@types/estree": {
			"version": "1.0.8",
			"resolved": "https://registry.npmjs.org/@types/estree/-/estree-1.0.8.tgz",
			"integrity": "sha512-dWHzHa2WqEXI/O1E9OjrocMTKJl2mSrEolh1Iomrv6U+JuNwaHXsXx9bLu5gG7BUWFIN0skIQJQ/L1rIex4X6w==",
			"license": "MIT"
		},
		"node_modules/acorn": {
			"version": "8.15.0",
			"resolved": "https://registry.npmjs.org/acorn/-/acorn-8.15.0.tgz",
			"integrity": "sha512-NZyJarBfL7nWwIq+FDL6Zp/yHEhePMNnnJ0y3qfieCrmNvYct8uvtiV41UvlSe6apAfk0fY1FbWx+NwfmpvtTg==",
			"license": "MIT",
			"bin": {
				"acorn": "bin/acorn"
			},
			"engines": {
				"node": ">=0.4.0"
			}
		},
		"node_modules/acorn-typescript": {
			"version": "1.4.13",
			"resolved": "https://registry.npmjs.org/acorn-typescript/-/acorn-typescript-1.4.13.tgz",
			"integrity": "sha512-xsc9Xv0xlVfwp2o7sQ+GCQ1PgbkdcpWdTzrwXxO3xDMTAywVS3oXVOcOHuRjAPkS4P9b+yc/qNF15460v+jp4Q==",
			"license": "MIT",
			"peerDependencies": {
				"acorn": ">=8.9.0"
			}
		},
		"node_modules/esbuild": {
			"version": "0.25.9",
			"resolved": "https://registry.npmjs.org/esbuild/-/esbuild-0.25.9.tgz",
			"integrity": "sha512-CRbODhYyQx3qp7ZEwzxOk4JBqmD/seJrzPa/cGjY1VtIn5E09Oi9/dB4JwctnfZ8Q8iT7rioVv5k/FNT/uf54g==",
			"dev": true,
			"hasInstallScript": true,
			"license": "MIT",
			"bin": {
				"esbuild": "bin/esbuild"
			},
			"engines": {
				"node": ">=18"
			},
			"optionalDependencies": {
				"@esbuild/aix-ppc64": "0.25.9",
				"@esbuild/android-arm": "0.25.9",
				"@esbuild/android-arm64": "0.25.9",
				"@esbuild/android-x64": "0.25.9",
				"@esbuild/darwin-arm64": "0.25.9",
				"@esbuild/darwin-x64": "0.25.9",
				"@esbuild/freebsd-arm64": "0.25.9",
				"@esbuild/freebsd-x64": "0.25.9",
				"@esbuild/linux-arm": "0.25.9",
				"@esbuild/linux-arm64": "0.25.9",
				"@esbuild/linux-ia32": "0.25.9",
				"@esbuild/linux-loong64": "0.25.9",
				"@esbuild/linux-mips64el": "0.25.9",
				"@esbuild/linux-ppc64": "0.25.9",
				"@esbuild/linux-riscv64": "0.25.9",
				"@esbuild/linux-s390x": "0.25.9",
				"@esbuild/linux-x64": "0.25.9",
				"@esbuild/netbsd-arm64": "0.25.9",
				"@esbuild/netbsd-x64": "0.25.9",
				"@esbuild/openbsd-arm64": "0.25.9",
				"@esbuild/openbsd-x64": "0.25.9",
				"@esbuild/openharmony-arm64": "0.25.9",
				"@esbuild/sunos-x64": "0.25.9",
				"@esbuild/win32-arm64": "0.25.9",
				"@esbuild/win32-ia32": "0.25.9",
				"@esbuild/win32-x64": "0.25.9"
			}
		},
		"node_modules/esrap": {
			"version": "2.1.0",
			"resolved": "https://registry.npmjs.org/esrap/-/esrap-2.1.0.tgz",
			"integrity": "sha512-yzmPNpl7TBbMRC5Lj2JlJZNPml0tzqoqP5B1JXycNUwtqma9AKCO0M2wHrdgsHcy1WRW7S9rJknAMtByg3usgA==",
			"license": "MIT",
			"dependencies": {
				"@jridgewell/sourcemap-codec": "^1.4.15"
			}
		},
		"node_modules/fdir": {
			"version": "6.5.0",
			"resolved": "https://registry.npmjs.org/fdir/-/fdir-6.5.0.tgz",
			"integrity": "sha512-tIbYtZbucOs0BRGqPJkshJUYdL+SDH7dVM8gjy+ERp3WAUjLEFJE+02kanyHtwjWOnwrKYBiwAmM0p4kLJAnXg==",
			"dev": true,
			"license": "MIT",
			"engines": {
				"node": ">=12.0.0"
			},
			"peerDependencies": {
				"picomatch": "^3 || ^4"
			},
			"peerDependenciesMeta": {
				"picomatch": {
					"optional": true
				}
			}
		},
		"node_modules/is-reference": {
			"version": "3.0.3",
			"resolved": "https://registry.npmjs.org/is-reference/-/is-reference-3.0.3.tgz",
			"integrity": "sha512-ixkJoqQvAP88E6wLydLGGqCJsrFUnqoH6HnaczB8XmDH1oaWU+xxdptvikTgaEhtZ53Ky6YXiBuUI2WXLMCwjw==",
			"license": "MIT",
			"dependencies": {
				"@types/estree": "^1.0.6"
			}
		},
		"node_modules/magic-string": {
			"version": "0.30.18",
			"resolved": "https://registry.npmjs.org/magic-string/-/magic-string-0.30.18.tgz",
			"integrity": "sha512-yi8swmWbO17qHhwIBNeeZxTceJMeBvWJaId6dyvTSOwTipqeHhMhOrz6513r1sOKnpvQ7zkhlG8tPrpilwTxHQ==",
			"license": "MIT",
			"dependencies": {
				"@jridgewell/sourcemap-codec": "^1.5.5"
			}
		},
		"node_modules/muggle-string": {
			"version": "0.4.1",
			"resolved": "https://registry.npmjs.org/muggle-string/-/muggle-string-0.4.1.tgz",
			"integrity": "sha512-VNTrAak/KhO2i8dqqnqnAHOa3cYBwXEZe9h+D5h/1ZqFSTEFHdM65lR7RoIqq3tBBYavsOXV84NoHXZ0AkPyqQ==",
			"license": "MIT"
		},
		"node_modules/nanoid": {
			"version": "3.3.11",
			"resolved": "https://registry.npmjs.org/nanoid/-/nanoid-3.3.11.tgz",
			"integrity": "sha512-N8SpfPUnUp1bK+PMYW8qSWdl9U+wwNWI4QKxOYDy9JAro3WMX7p2OeVRF9v+347pnakNevPmiHhNmZ2HbFA76w==",
			"dev": true,
			"funding": [
				{
					"type": "github",
					"url": "https://github.com/sponsors/ai"
				}
			],
			"license": "MIT",
			"bin": {
				"nanoid": "bin/nanoid.cjs"
			},
			"engines": {
				"node": "^10 || ^12 || ^13.7 || ^14 || >=15.0.1"
			}
		},
		"node_modules/picocolors": {
			"version": "1.1.1",
			"resolved": "https://registry.npmjs.org/picocolors/-/picocolors-1.1.1.tgz",
			"integrity": "sha512-xceH2snhtb5M9liqDsmEw56le376mTZkEX/jEb/RxNFyegNul7eNslCXP9FDj/Lcu0X8KEyMceP2ntpaHrDEVA==",
			"dev": true,
			"license": "ISC"
		},
		"node_modules/picomatch": {
			"version": "4.0.3",
			"resolved": "https://registry.npmjs.org/picomatch/-/picomatch-4.0.3.tgz",
			"integrity": "sha512-5gTmgEY/sqK6gFXLIsQNH19lWb4ebPDLA4SdLP7dsWkIXHWlG66oPuVvXSGFPppYZz8ZDZq0dYYrbHfBCVUb1Q==",
			"dev": true,
			"license": "MIT",
			"engines": {
				"node": ">=12"
			},
			"funding": {
				"url": "https://github.com/sponsors/jonschlinkert"
			}
		},
		"node_modules/postcss": {
			"version": "8.5.6",
			"resolved": "https://registry.npmjs.org/postcss/-/postcss-8.5.6.tgz",
			"integrity": "sha512-3Ybi1tAuwAP9s0r1UQ2J4n5Y0G05bJkpUIO0/bI9MhwmD70S5aTWbXGBwxHrelT+XM1k6dM0pk+SwNkpTRN7Pg==",
			"dev": true,
			"funding": [
				{
					"type": "opencollective",
					"url": "https://opencollective.com/postcss/"
				},
				{
					"type": "tidelift",
					"url": "https://tidelift.com/funding/github/npm/postcss"
				},
				{
					"type": "github",
					"url": "https://github.com/sponsors/ai"
				}
			],
			"license": "MIT",
			"dependencies": {
				"nanoid": "^3.3.11",
				"picocolors": "^1.1.1",
				"source-map-js": "^1.2.1"
			},
			"engines": {
				"node": "^10 || ^12 || >=14"
			}
		},
		"node_modules/prettier": {
			"version": "3.6.2",
			"resolved": "https://registry.npmjs.org/prettier/-/prettier-3.6.2.tgz",
			"integrity": "sha512-I7AIg5boAr5R0FFtJ6rCfD+LFsWHp81dolrFD8S79U9tb8Az2nGrJncnMSnys+bpQJfRUzqs9hnA81OAA3hCuQ==",
			"dev": true,
			"license": "MIT",
			"bin": {
				"prettier": "bin/prettier.cjs"
			},
			"engines": {
				"node": ">=14"
			},
			"funding": {
				"url": "https://github.com/prettier/prettier?sponsor=1"
			}
		},
		"node_modules/prettier-plugin-ripple": {
			"version": "0.2.88",
			"resolved": "https://registry.npmjs.org/prettier-plugin-ripple/-/prettier-plugin-ripple-0.2.88.tgz",
			"integrity": "sha512-9tfUr+H1xuAL2UG7DCjMMWjF90g0Wtv5aug/8DhXIGaPZqmiZ8rJ+0uUSVk5OkSKVPrUKVvlyusXoAfgqCbjpA==",
			"dev": true,
			"license": "MIT",
			"peerDependencies": {
				"prettier": ">=2.0.0"
			}
		},
		"node_modules/ripple": {
			"version": "0.2.88",
			"resolved": "https://registry.npmjs.org/ripple/-/ripple-0.2.88.tgz",
			"integrity": "sha512-c2/8ZD9r9hFxukyyBxlJJ7FD6DLM44Y5LSrs94sYsPhxsj5M4GxqG0STEaUIrWXWuNBd4VyeOqGYwEXg8qiS7Q==",
			"license": "MIT",
			"dependencies": {
				"@jridgewell/sourcemap-codec": "^1.5.5",
				"acorn": "^8.15.0",
				"acorn-typescript": "^1.4.13",
				"esrap": "^2.1.0",
				"is-reference": "^3.0.3",
				"magic-string": "^0.30.18",
				"muggle-string": "^0.4.1",
				"zimmerframe": "^1.1.2"
			}
		},
		"node_modules/rollup": {
			"version": "4.50.0",
			"resolved": "https://registry.npmjs.org/rollup/-/rollup-4.50.0.tgz",
			"integrity": "sha512-/Zl4D8zPifNmyGzJS+3kVoyXeDeT/GrsJM94sACNg9RtUE0hrHa1bNPtRSrfHTMH5HjRzce6K7rlTh3Khiw+pw==",
			"dev": true,
			"license": "MIT",
			"dependencies": {
				"@types/estree": "1.0.8"
			},
			"bin": {
				"rollup": "dist/bin/rollup"
			},
			"engines": {
				"node": ">=18.0.0",
				"npm": ">=8.0.0"
			},
			"optionalDependencies": {
				"@rollup/rollup-android-arm-eabi": "4.50.0",
				"@rollup/rollup-android-arm64": "4.50.0",
				"@rollup/rollup-darwin-arm64": "4.50.0",
				"@rollup/rollup-darwin-x64": "4.50.0",
				"@rollup/rollup-freebsd-arm64": "4.50.0",
				"@rollup/rollup-freebsd-x64": "4.50.0",
				"@rollup/rollup-linux-arm-gnueabihf": "4.50.0",
				"@rollup/rollup-linux-arm-musleabihf": "4.50.0",
				"@rollup/rollup-linux-arm64-gnu": "4.50.0",
				"@rollup/rollup-linux-arm64-musl": "4.50.0",
				"@rollup/rollup-linux-loongarch64-gnu": "4.50.0",
				"@rollup/rollup-linux-ppc64-gnu": "4.50.0",
				"@rollup/rollup-linux-riscv64-gnu": "4.50.0",
				"@rollup/rollup-linux-riscv64-musl": "4.50.0",
				"@rollup/rollup-linux-s390x-gnu": "4.50.0",
				"@rollup/rollup-linux-x64-gnu": "4.50.0",
				"@rollup/rollup-linux-x64-musl": "4.50.0",
				"@rollup/rollup-openharmony-arm64": "4.50.0",
				"@rollup/rollup-win32-arm64-msvc": "4.50.0",
				"@rollup/rollup-win32-ia32-msvc": "4.50.0",
				"@rollup/rollup-win32-x64-msvc": "4.50.0",
				"fsevents": "~2.3.2"
			}
		},
		"node_modules/source-map-js": {
			"version": "1.2.1",
			"resolved": "https://registry.npmjs.org/source-map-js/-/source-map-js-1.2.1.tgz",
			"integrity": "sha512-UXWMKhLOwVKb728IUtQPXxfYU+usdybtUrK/8uGE8CQMvrhOpwvzDBwj0QhSL7MQc7vIsISBG8VQ8+IDQxpfQA==",
			"dev": true,
			"license": "BSD-3-Clause",
			"engines": {
				"node": ">=0.10.0"
			}
		},
		"node_modules/tinyglobby": {
			"version": "0.2.15",
			"resolved": "https://registry.npmjs.org/tinyglobby/-/tinyglobby-0.2.15.tgz",
			"integrity": "sha512-j2Zq4NyQYG5XMST4cbs02Ak8iJUdxRM0XI5QyxXuZOzKOINmWurp3smXu3y5wDcJrptwpSjgXHzIQxR0omXljQ==",
			"dev": true,
			"license": "MIT",
			"dependencies": {
				"fdir": "^6.5.0",
				"picomatch": "^4.0.3"
			},
			"engines": {
				"node": ">=12.0.0"
			},
			"funding": {
				"url": "https://github.com/sponsors/SuperchupuDev"
			}
		},
		"node_modules/typescript": {
			"version": "5.9.2",
			"resolved": "https://registry.npmjs.org/typescript/-/typescript-5.9.2.tgz",
			"integrity": "sha512-CWBzXQrc/qOkhidw1OzBTQuYRbfyxDXJMVJ1XNwUHGROVmuaeiEm3OslpZ1RV96d7SKKjZKrSJu3+t/xlw3R9A==",
			"dev": true,
			"license": "Apache-2.0",
			"bin": {
				"tsc": "bin/tsc",
				"tsserver": "bin/tsserver"
			},
			"engines": {
				"node": ">=14.17"
			}
		},
		"node_modules/vite": {
			"version": "7.1.7",
			"resolved": "https://registry.npmjs.org/vite/-/vite-7.1.7.tgz",
			"integrity": "sha512-VbA8ScMvAISJNJVbRDTJdCwqQoAareR/wutevKanhR2/1EkoXVZVkkORaYm/tNVCjP/UDTKtcw3bAkwOUdedmA==",
			"dev": true,
			"license": "MIT",
			"dependencies": {
				"esbuild": "^0.25.0",
				"fdir": "^6.5.0",
				"picomatch": "^4.0.3",
				"postcss": "^8.5.6",
				"rollup": "^4.43.0",
				"tinyglobby": "^0.2.15"
			},
			"bin": {
				"vite": "bin/vite.js"
			},
			"engines": {
				"node": "^20.19.0 || >=22.12.0"
			},
			"funding": {
				"url": "https://github.com/vitejs/vite?sponsor=1"
			},
			"optionalDependencies": {
				"fsevents": "~2.3.3"
			},
			"peerDependencies": {
				"@types/node": "^20.19.0 || >=22.12.0",
				"jiti": ">=1.21.0",
				"less": "^4.0.0",
				"lightningcss": "^1.21.0",
				"sass": "^1.70.0",
				"sass-embedded": "^1.70.0",
				"stylus": ">=0.54.8",
				"sugarss": "^5.0.0",
				"terser": "^5.16.0",
				"tsx": "^4.8.1",
				"yaml": "^2.4.2"
			},
			"peerDependenciesMeta": {
				"@types/node": {
					"optional": true
				},
				"jiti": {
					"optional": true
				},
				"less": {
					"optional": true
				},
				"lightningcss": {
					"optional": true
				},
				"sass": {
					"optional": true
				},
				"sass-embedded": {
					"optional": true
				},
				"stylus": {
					"optional": true
				},
				"sugarss": {
					"optional": true
				},
				"terser": {
					"optional": true
				},
				"tsx": {
					"optional": true
				},
				"yaml": {
					"optional": true
				}
			}
		},
		"node_modules/vite-plugin-ripple": {
			"version": "0.2.88",
			"resolved": "https://registry.npmjs.org/vite-plugin-ripple/-/vite-plugin-ripple-0.2.88.tgz",
			"integrity": "sha512-vOYyc49irAnLwT9iQ6ZGn/U9AXNqXr5BPN0oQ1pRtBNpfJl6YtaWEzM4I5Rme/kBM01vt01RYoABGR6m+omTeA==",
			"dev": true,
			"license": "MIT"
		},
		"node_modules/zimmerframe": {
			"version": "1.1.2",
			"resolved": "https://registry.npmjs.org/zimmerframe/-/zimmerframe-1.1.2.tgz",
			"integrity": "sha512-rAbqEGa8ovJy4pyBxZM70hg4pE6gDgaQ0Sl9M3enG3I0d6H4XSAM3GeNGLKnsBpuijUow064sf7ww1nutC5/3w==",
			"license": "MIT"
		}
	}
}
